
Microsoft Visual Studio Solution File, Format Version 12.00
# Visual Studio 15
VisualStudioVersion = 15.0.27130.2027
MinimumVisualStudioVersion = 10.0.40219.1
Project("{9A19103F-16F7-4668-BE54-9A1E7A4F7556}") = "WebMvc", "WebMvc\WebMvc.csproj", "{48FE270A-52EB-4CD8-A0BB-0E17DD1B9AF9}"
EndProject
Global
	GlobalSection(SolutionConfigurationPlatforms) = preSolution
		Debug|Any CPU = Debug|Any CPU
		Release|Any CPU = Release|Any CPU
	EndGlobalSection
	GlobalSection(ProjectConfigurationPlatforms) = postSolution
		{48FE270A-52EB-4CD8-A0BB-0E17DD1B9AF9}.Debug|Any CPU.ActiveCfg = Debug|Any CPU
		{48FE270A-52EB-4CD8-A0BB-0E17DD1B9AF9}.Debug|Any CPU.Build.0 = Debug|Any CPU
		{48FE270A-52EB-4CD8-A0BB-0E17DD1B9AF9}.Release|Any CPU.ActiveCfg = Release|Any CPU
		{48FE270A-52EB-4CD8-A0BB-0E17DD1B9AF9}.Release|Any CPU.Build.0 = Release|Any CPU
	EndGlobalSection
	GlobalSection(SolutionProperties) = preSolution
		HideSolutionNode = FALSE
	EndGlobalSection
	GlobalSection(ExtensibilityGlobals) = postSolution
		SolutionGuid = {DDC95A1E-A168-42DC-B2B5-5C36B3D798B1}
	EndGlobalSection
EndGlobal
